
Microsoft Visual Studio Solution File, Format Version 12.00
# Visual Studio 15
VisualStudioVersion = 15.0.27130.2026
MinimumVisualStudioVersion = 10.0.40219.1
Project("{FAE04EC0-301F-11D3-BF4B-00C04F79EFBC}") = "MovieInfoGather", "MovieInfoGather.csproj", "{C0CE6735-4A40-4060-90EF-7F0D36049CA3}"
EndProject
Project("{FAE04EC0-301F-11D3-BF4B-00C04F79EFBC}") = "MovieInfoGather.Test", "..\MovieInfoGather.Test\MovieInfoGather.Test.csproj", "{8BB3A161-EB48-4207-A8E4-72E8F7BFF878}"
EndProject
Global
	GlobalSection(SolutionConfigurationPlatforms) = preSolution
		Debug|Any CPU = Debug|Any CPU
		Release|Any CPU = Release|Any CPU
	EndGlobalSection
	GlobalSection(ProjectConfigurationPlatforms) = postSolution
		{C0CE6735-4A40-4060-90EF-7F0D36049CA3}.Debug|Any CPU.ActiveCfg = Debug|Any CPU
		{C0CE6735-4A40-4060-90EF-7F0D36049CA3}.Debug|Any CPU.Build.0 = Debug|Any CPU
		{C0CE6735-4A40-4060-90EF-7F0D36049CA3}.Release|Any CPU.ActiveCfg = Release|Any CPU
		{C0CE6735-4A40-4060-90EF-7F0D36049CA3}.Release|Any CPU.Build.0 = Release|Any CPU
		{8BB3A161-EB48-4207-A8E4-72E8F7BFF878}.Debug|Any CPU.ActiveCfg = Debug|Any CPU
		{8BB3A161-EB48-4207-A8E4-72E8F7BFF878}.Debug|Any CPU.Build.0 = Debug|Any CPU
		{8BB3A161-EB48-4207-A8E4-72E8F7BFF878}.Release|Any CPU.ActiveCfg = Release|Any CPU
		{8BB3A161-EB48-4207-A8E4-72E8F7BFF878}.Release|Any CPU.Build.0 = Release|Any CPU
	EndGlobalSection
	GlobalSection(SolutionProperties) = preSolution
		HideSolutionNode = FALSE
	EndGlobalSection
	GlobalSection(ExtensibilityGlobals) = postSolution
		SolutionGuid = {DC2C011A-F8FD-416D-A8FC-DAF73F16B516}
	EndGlobalSection
EndGlobal
